
Microsoft Visual Studio Solution File, Format Version 12.00
# Visual Studio Version 17
VisualStudioVersion = 17.5.002.0
MinimumVisualStudioVersion = 10.0.40219.1
Project("{9A19103F-16F7-4668-BE54-9A1E7A4F7556}") = "api", "api.csproj", "{731F3A28-1EB9-45A0-8225-69E66457B2FD}"
EndProject
Global
	GlobalSection(SolutionConfigurationPlatforms) = preSolution
		Debug|Any CPU = Debug|Any CPU
		Release|Any CPU = Release|Any CPU
	EndGlobalSection
	GlobalSection(ProjectConfigurationPlatforms) = postSolution
		{731F3A28-1EB9-45A0-8225-69E66457B2FD}.Debug|Any CPU.ActiveCfg = Debug|Any CPU
		{731F3A28-1EB9-45A0-8225-69E66457B2FD}.Debug|Any CPU.Build.0 = Debug|Any CPU
		{731F3A28-1EB9-45A0-8225-69E66457B2FD}.Release|Any CPU.ActiveCfg = Release|Any CPU
		{731F3A28-1EB9-45A0-8225-69E66457B2FD}.Release|Any CPU.Build.0 = Release|Any CPU
	EndGlobalSection
	GlobalSection(SolutionProperties) = preSolution
		HideSolutionNode = FALSE
	EndGlobalSection
	GlobalSection(ExtensibilityGlobals) = postSolution
		SolutionGuid = {16CCE356-7614-4677-B8D0-203832FFA5B4}
	EndGlobalSection
EndGlobal
